
Microsoft Visual Studio Solution File, Format Version 12.00
# Visual Studio Version 16
VisualStudioVersion = 16.0.28803.202
MinimumVisualStudioVersion = 10.0.40219.1
Project("{9A19103F-16F7-4668-BE54-9A1E7A4F7556}") = "DummyNetCoreApp", "DummyNetCoreApp\DummyNetCoreApp.csproj", "{0E5230E0-0A04-463E-9A56-F74342BBD3E4}"
EndProject
Project("{FAE04EC0-301F-11D3-BF4B-00C04F79EFBC}") = "DummyNetCoreAppTests", "DummyNetCoreAppTests\DummyNetCoreAppTests.csproj", "{CC64F326-8D25-4F95-AB56-029AA944FBE8}"
EndProject
Global
	GlobalSection(SolutionConfigurationPlatforms) = preSolution
		Debug|Any CPU = Debug|Any CPU
		Release|Any CPU = Release|Any CPU
	EndGlobalSection
	GlobalSection(ProjectConfigurationPlatforms) = postSolution
		{0E5230E0-0A04-463E-9A56-F74342BBD3E4}.Debug|Any CPU.ActiveCfg = Debug|Any CPU
		{0E5230E0-0A04-463E-9A56-F74342BBD3E4}.Debug|Any CPU.Build.0 = Debug|Any CPU
		{0E5230E0-0A04-463E-9A56-F74342BBD3E4}.Release|Any CPU.ActiveCfg = Release|Any CPU
		{0E5230E0-0A04-463E-9A56-F74342BBD3E4}.Release|Any CPU.Build.0 = Release|Any CPU
		{CC64F326-8D25-4F95-AB56-029AA944FBE8}.Debug|Any CPU.ActiveCfg = Debug|Any CPU
		{CC64F326-8D25-4F95-AB56-029AA944FBE8}.Debug|Any CPU.Build.0 = Debug|Any CPU
		{CC64F326-8D25-4F95-AB56-029AA944FBE8}.Release|Any CPU.ActiveCfg = Release|Any CPU
		{CC64F326-8D25-4F95-AB56-029AA944FBE8}.Release|Any CPU.Build.0 = Release|Any CPU
	EndGlobalSection
	GlobalSection(SolutionProperties) = preSolution
		HideSolutionNode = FALSE
	EndGlobalSection
	GlobalSection(ExtensibilityGlobals) = postSolution
		SolutionGuid = {0F95F416-DF76-4450-9971-E140ADAD04C0}
	EndGlobalSection
EndGlobal
